
Microsoft Visual Studio Solution File, Format Version 12.00
# Visual Studio Version 16
VisualStudioVersion = 16.0.31205.134
MinimumVisualStudioVersion = 10.0.40219.1
Project("{FAE04EC0-301F-11D3-BF4B-00C04F79EFBC}") = "iSystem2021", "iSystem2021\iSystem2021.csproj", "{05AF47C6-FDEB-47F9-8578-862A6969C5CF}"
EndProject
Global
	GlobalSection(SolutionConfigurationPlatforms) = preSolution
		Debug|Any CPU = Debug|Any CPU
		Release|Any CPU = Release|Any CPU
	EndGlobalSection
	GlobalSection(ProjectConfigurationPlatforms) = postSolution
		{05AF47C6-FDEB-47F9-8578-862A6969C5CF}.Debug|Any CPU.ActiveCfg = Debug|Any CPU
		{05AF47C6-FDEB-47F9-8578-862A6969C5CF}.Debug|Any CPU.Build.0 = Debug|Any CPU
		{05AF47C6-FDEB-47F9-8578-862A6969C5CF}.Release|Any CPU.ActiveCfg = Release|Any CPU
		{05AF47C6-FDEB-47F9-8578-862A6969C5CF}.Release|Any CPU.Build.0 = Release|Any CPU
	EndGlobalSection
	GlobalSection(SolutionProperties) = preSolution
		HideSolutionNode = FALSE
	EndGlobalSection
	GlobalSection(ExtensibilityGlobals) = postSolution
		SolutionGuid = {15554A61-838D-4F77-BD1C-47FF5274CDB9}
	EndGlobalSection
EndGlobal
